
Microsoft Visual Studio Solution File, Format Version 12.00
# Visual Studio Version 17
VisualStudioVersion = 17.6.33815.320
MinimumVisualStudioVersion = 10.0.40219.1
Project("{FAE04EC0-301F-11D3-BF4B-00C04F79EFBC}") = "ClearMeasureInterview", "ClearMeasureInterview\ClearMeasureInterview.csproj", "{9E72A940-FB76-4DB9-92F7-2150A7018E1F}"
EndProject
Project("{FAE04EC0-301F-11D3-BF4B-00C04F79EFBC}") = "CountingLibrary", "CountingLibrary\CountingLibrary.csproj", "{2BFCF8B3-1061-45E2-94E7-D2423C696904}"
EndProject
Project("{FAE04EC0-301F-11D3-BF4B-00C04F79EFBC}") = "DemoApp", "DemoApp\DemoApp.csproj", "{68CA8769-346A-4255-B74C-E1C2EB084255}"
EndProject
Global
	GlobalSection(SolutionConfigurationPlatforms) = preSolution
		Debug|Any CPU = Debug|Any CPU
		Release|Any CPU = Release|Any CPU
	EndGlobalSection
	GlobalSection(ProjectConfigurationPlatforms) = postSolution
		{9E72A940-FB76-4DB9-92F7-2150A7018E1F}.Debug|Any CPU.ActiveCfg = Debug|Any CPU
		{9E72A940-FB76-4DB9-92F7-2150A7018E1F}.Debug|Any CPU.Build.0 = Debug|Any CPU
		{9E72A940-FB76-4DB9-92F7-2150A7018E1F}.Release|Any CPU.ActiveCfg = Release|Any CPU
		{9E72A940-FB76-4DB9-92F7-2150A7018E1F}.Release|Any CPU.Build.0 = Release|Any CPU
		{2BFCF8B3-1061-45E2-94E7-D2423C696904}.Debug|Any CPU.ActiveCfg = Debug|Any CPU
		{2BFCF8B3-1061-45E2-94E7-D2423C696904}.Debug|Any CPU.Build.0 = Debug|Any CPU
		{2BFCF8B3-1061-45E2-94E7-D2423C696904}.Release|Any CPU.ActiveCfg = Release|Any CPU
		{2BFCF8B3-1061-45E2-94E7-D2423C696904}.Release|Any CPU.Build.0 = Release|Any CPU
		{68CA8769-346A-4255-B74C-E1C2EB084255}.Debug|Any CPU.ActiveCfg = Debug|Any CPU
		{68CA8769-346A-4255-B74C-E1C2EB084255}.Debug|Any CPU.Build.0 = Debug|Any CPU
		{68CA8769-346A-4255-B74C-E1C2EB084255}.Release|Any CPU.ActiveCfg = Release|Any CPU
		{68CA8769-346A-4255-B74C-E1C2EB084255}.Release|Any CPU.Build.0 = Release|Any CPU
	EndGlobalSection
	GlobalSection(SolutionProperties) = preSolution
		HideSolutionNode = FALSE
	EndGlobalSection
	GlobalSection(ExtensibilityGlobals) = postSolution
		SolutionGuid = {89E60F17-A6B3-4AB7-9518-4F0EDACFFE19}
	EndGlobalSection
EndGlobal
